// !$*UTF8*$!
{
	archiveVersion = 1;
	classes = {
	};
	objectVersion = 50;
	objects = {

/* Begin PBXBuildFile section */
		A6A4AB3C21DFF77600F55B5E /* AppDelegate.swift in Sources */ = {isa = PBXBuildFile; fileRef = A6A4AB3B21DFF77600F55B5E /* AppDelegate.swift */; };
		A6A4AB4121DFF77600F55B5E /* Main.storyboard in Resources */ = {isa = PBXBuildFile; fileRef = A6A4AB3F21DFF77600F55B5E /* Main.storyboard */; };
		A6A4AB4321DFF78400F55B5E /* Assets.xcassets in Resources */ = {isa = PBXBuildFile; fileRef = A6A4AB4221DFF78400F55B5E /* Assets.xcassets */; };
		A6A4AB4621DFF78500F55B5E /* LaunchScreen.storyboard in Resources */ = {isa = PBXBuildFile; fileRef = A6A4AB4421DFF78500F55B5E /* LaunchScreen.storyboard */; };
/* End PBXBuildFile section */

/* Begin PBXFileReference section */
		A6A4AB3821DFF77600F55B5E /* MegaCSP.app */ = {isa = PBXFileReference; explicitFileType = wrapper.application; includeInIndex = 0; path = MegaCSP.app; sourceTree = BUILT_PRODUCTS_DIR; };
		A6A4AB3B21DFF77600F55B5E /* AppDelegate.swift */ = {isa = PBXFileReference; lastKnownFileType = sourcecode.swift; path = AppDelegate.swift; sourceTree = "<group>"; };
		A6A4AB4021DFF77600F55B5E /* Base */ = {isa = PBXFileReference; lastKnownFileType = file.storyboard; name = Base; path = Base.lproj/Main.storyboard; sourceTree = "<group>"; };
		A6A4AB4221DFF78400F55B5E /* Assets.xcassets */ = {isa = PBXFileReference; lastKnownFileType = folder.assetcatalog; path = Assets.xcassets; sourceTree = "<group>"; };
		A6A4AB4521DFF78500F55B5E /* Base */ = {isa = PBXFileReference; lastKnownFileType = file.storyboard; name = Base; path = Base.lproj/LaunchScreen.storyboard; sourceTree = "<group>"; };
		A6A4AB4721DFF78500F55B5E /* Info.plist */ = {isa = PBXFileReference; lastKnownFileType = text.plist.xml; path = Info.plist; sourceTree = "<group>"; };
/* End PBXFileReference section */

/* Begin PBXFrameworksBuildPhase section */
		A6A4AB3521DFF77600F55B5E /* Frameworks */ = {
			isa = PBXFrameworksBuildPhase;
			buildActionMask = 2147483647;
			files = (
			);
			runOnlyForDeploymentPostprocessing = 0;
		};
/* End PBXFrameworksBuildPhase section */

/* Begin PBXGroup section */
		A6A4AB2F21DFF77600F55B5E = {
			isa = PBXGroup;
			children = (
				A6A4AB3A21DFF77600F55B5E /* MegaCSP */,
				A6A4AB3921DFF77600F55B5E /* Products */,
			);
			sourceTree = "<group>";
		};
		A6A4AB3921DFF77600F55B5E /* Products */ = {
			isa = PBXGroup;
			children = (
				A6A4AB3821DFF77600F55B5E /* MegaCSP.app */,
			);
			name = Products;
			sourceTree = "<group>";
		};
		A6A4AB3A21DFF77600F55B5E /* MegaCSP */ = {
			isa = PBXGroup;
			children = (
				A6A4AB4D21DFF79400F55B5E /* Resources */,
				A6A4AB4E21DFF7A000F55B5E /* Controller */,
				A6A4AB4F21DFF7AF00F55B5E /* View */,
			);
			path = MegaCSP;
			sourceTree = "<group>";
		};
		A6A4AB4D21DFF79400F55B5E /* Resources */ = {
			isa = PBXGroup;
			children = (
				A6A4AB3B21DFF77600F55B5E /* AppDelegate.swift */,
				A6A4AB4221DFF78400F55B5E /* Assets.xcassets */,
				A6A4AB4721DFF78500F55B5E /* Info.plist */,
			);
			path = Resources;
			sourceTree = "<group>";
		};
		A6A4AB4E21DFF7A000F55B5E /* Controller */ = {
			isa = PBXGroup;
			children = (
				A6A4AB5421DFF7DF00F55B5E /* Algorithm */,
				A6A4AB5321DFF7D500F55B5E /* Abstraction */,
				A6A4AB5021DFF7BF00F55B5E /* Data */,
				A6A4AB5121DFF7C500F55B5E /* Creativity */,
			);
			path = Controller;
			sourceTree = "<group>";
		};
		A6A4AB4F21DFF7AF00F55B5E /* View */ = {
			isa = PBXGroup;
			children = (
				A6A4AB3F21DFF77600F55B5E /* Main.storyboard */,
				A6A4AB4421DFF78500F55B5E /* LaunchScreen.storyboard */,
			);
			path = View;
			sourceTree = "<group>";
		};
		A6A4AB5021DFF7BF00F55B5E /* Data */ = {
			isa = PBXGroup;
			children = (
			);
			path = Data;
			sourceTree = "<group>";
		};
		A6A4AB5121DFF7C500F55B5E /* Creativity */ = {
			isa = PBXGroup;
			children = (
			);
			path = Creativity;
			sourceTree = "<group>";
		};
		A6A4AB5321DFF7D500F55B5E /* Abstraction */ = {
			isa = PBXGroup;
			children = (
			);
			path = Abstraction;
			sourceTree = "<group>";
		};
		A6A4AB5421DFF7DF00F55B5E /* Algorithm */ = {
			isa = PBXGroup;
			children = (
			);
			path = Algorithm;
			sourceTree = "<group>";
		};
/* End PBXGroup section */

/* Begin PBXNativeTarget section */
		A6A4AB3721DFF77600F55B5E /* MegaCSP */ = {
			isa = PBXNativeTarget;
			buildConfigurationList = A6A4AB4A21DFF78500F55B5E /* Build configuration list for PBXNativeTarget "MegaCSP" */;
			buildPhases = (
				A6A4AB3421DFF77600F55B5E /* Sources */,
				A6A4AB3521DFF77600F55B5E /* Frameworks */,
				A6A4AB3621DFF77600F55B5E /* Resources */,
			);
			buildRules = (
			);
			dependencies = (
			);
			name = MegaCSP;
			productName = MegaCSP;
			productReference = A6A4AB3821DFF77600F55B5E /* MegaCSP.app */;
			productType = "com.apple.product-type.application";
		};
/* End PBXNativeTarget section */

/* Begin PBXProject section */
		A6A4AB3021DFF77600F55B5E /* Project object */ = {
			isa = PBXProject;
			attributes = {
				LastSwiftUpdateCheck = 1000;
				LastUpgradeCheck = 1000;
				ORGANIZATIONNAME = CTEC;
				TargetAttributes = {
					A6A4AB3721DFF77600F55B5E = {
						CreatedOnToolsVersion = 10.0;
					};
				};
			};
			buildConfigurationList = A6A4AB3321DFF77600F55B5E /* Build configuration list for PBXProject "MegaCSP" */;
			compatibilityVersion = "Xcode 9.3";
			developmentRegion = en;
			hasScannedForEncodings = 0;
			knownRegions = (
				en,
				Base,
			);
			mainGroup = A6A4AB2F21DFF77600F55B5E;
			productRefGroup = A6A4AB3921DFF77600F55B5E /* Products */;
			projectDirPath = "";
			projectRoot = "";
			targets = (
				A6A4AB3721DFF77600F55B5E /* MegaCSP */,
			);
		};
/* End PBXProject section */

/* Begin PBXResourcesBuildPhase section */
		A6A4AB3621DFF77600F55B5E /* Resources */ = {
			isa = PBXResourcesBuildPhase;
			buildActionMask = 2147483647;
			files = (
				A6A4AB4621DFF78500F55B5E /* LaunchScreen.storyboard in Resources */,
				A6A4AB4321DFF78400F55B5E /* Assets.xcassets in Resources */,
				A6A4AB4121DFF77600F55B5E /* Main.storyboard in Resources */,
			);
			runOnlyForDeploymentPostprocessing = 0;
		};
/* End PBXResourcesBuildPhase section */

/* Begin PBXSourcesBuildPhase section */
		A6A4AB3421DFF77600F55B5E /* Sources */ = {
			isa = PBXSourcesBuildPhase;
			buildActionMask = 2147483647;
			files = (
				A6A4AB3C21DFF77600F55B5E /* AppDelegate.swift in Sources */,
			);
			runOnlyForDeploymentPostprocessing = 0;
		};
/* End PBXSourcesBuildPhase section */

/* Begin PBXVariantGroup section */
		A6A4AB3F21DFF77600F55B5E /* Main.storyboard */ = {
			isa = PBXVariantGroup;
			children = (
				A6A4AB4021DFF77600F55B5E /* Base */,
			);
			name = Main.storyboard;
			sourceTree = "<group>";
		};
		A6A4AB4421DFF78500F55B5E /* LaunchScreen.storyboard */ = {
			isa = PBXVariantGroup;
			children = (
				A6A4AB4521DFF78500F55B5E /* Base */,
			);
			name = LaunchScreen.storyboard;
			sourceTree = "<group>";
		};
/* End PBXVariantGroup section */

/* Begin XCBuildConfiguration section */
		A6A4AB4821DFF78500F55B5E /* Debug */ = {
			isa = XCBuildConfiguration;
			buildSettings = {
				ALWAYS_SEARCH_USER_PATHS = NO;
				CLANG_ANALYZER_NONNULL = YES;
				CLANG_ANALYZER_NUMBER_OBJECT_CONVERSION = YES_AGGRESSIVE;
				CLANG_CXX_LANGUAGE_STANDARD = "gnu++14";
				CLANG_CXX_LIBRARY = "libc++";
				CLANG_ENABLE_MODULES = YES;
				CLANG_ENABLE_OBJC_ARC = YES;
				CLANG_ENABLE_OBJC_WEAK = YES;
				CLANG_WARN_BLOCK_CAPTURE_AUTORELEASING = YES;
				CLANG_WARN_BOOL_CONVERSION = YES;
				CLANG_WARN_COMMA = YES;
				CLANG_WARN_CONSTANT_CONVERSION = YES;
				CLANG_WARN_DEPRECATED_OBJC_IMPLEMENTATIONS = YES;
				CLANG_WARN_DIRECT_OBJC_ISA_USAGE = YES_ERROR;
				CLANG_WARN_DOCUMENTATION_COMMENTS = YES;
				CLANG_WARN_EMPTY_BODY = YES;
				CLANG_WARN_ENUM_CONVERSION = YES;
				CLANG_WARN_INFINITE_RECURSION = YES;
				CLANG_WARN_INT_CONVERSION = YES;
				CLANG_WARN_NON_LITERAL_NULL_CONVERSION = YES;
				CLANG_WARN_OBJC_IMPLICIT_RETAIN_SELF = YES;
				CLANG_WARN_OBJC_LITERAL_CONVERSION = YES;
				CLANG_WARN_OBJC_ROOT_CLASS = YES_ERROR;
				CLANG_WARN_RANGE_LOOP_ANALYSIS = YES;
				CLANG_WARN_STRICT_PROTOTYPES = YES;
				CLANG_WARN_SUSPICIOUS_MOVE = YES;
				CLANG_WARN_UNGUARDED_AVAILABILITY = YES_AGGRESSIVE;
				CLANG_WARN_UNREACHABLE_CODE = YES;
				CLANG_WARN__DUPLICATE_METHOD_MATCH = YES;
				CODE_SIGN_IDENTITY = "iPhone Developer";
				COPY_PHASE_STRIP = NO;
				DEBUG_INFORMATION_FORMAT = dwarf;
				ENABLE_STRICT_OBJC_MSGSEND = YES;
				ENABLE_TESTABILITY = YES;
				GCC_C_LANGUAGE_STANDARD = gnu11;
				GCC_DYNAMIC_NO_PIC = NO;
				GCC_NO_COMMON_BLOCKS = YES;
				GCC_OPTIMIZATION_LEVEL = 0;
				GCC_PREPROCESSOR_DEFINITIONS = (
					"DEBUG=1",
					"$(inherited)",
				);
				GCC_WARN_64_TO_32_BIT_CONVERSION = YES;
				GCC_WARN_ABOUT_RETURN_TYPE = YES_ERROR;
				GCC_WARN_UNDECLARED_SELECTOR = YES;
				GCC_WARN_UNINITIALIZED_AUTOS = YES_AGGRESSIVE;
				GCC_WARN_UNUSED_FUNCTION = YES;
				GCC_WARN_UNUSED_VARIABLE = YES;
				IPHONEOS_DEPLOYMENT_TARGET = 12.0;
				MTL_ENABLE_DEBUG_INFO = INCLUDE_SOURCE;
				MTL_FAST_MATH = YES;
				ONLY_ACTIVE_ARCH = YES;
				SDKROOT = iphoneos;
				SWIFT_ACTIVE_COMPILATION_CONDITIONS = DEBUG;
				SWIFT_OPTIMIZATION_LEVEL = "-Onone";
			};
			name = Debug;
		};
		A6A4AB4921DFF78500F55B5E /* Release */ = {
			isa = XCBuildConfiguration;
			buildSettings = {
				ALWAYS_SEARCH_USER_PATHS = NO;
				CLANG_ANALYZER_NONNULL = YES;
				CLANG_ANALYZER_NUMBER_OBJECT_CONVERSION = YES_AGGRESSIVE;
				CLANG_CXX_LANGUAGE_STANDARD = "gnu++14";
				CLANG_CXX_LIBRARY = "libc++";
				CLANG_ENABLE_MODULES = YES;
				CLANG_ENABLE_OBJC_ARC = YES;
				CLANG_ENABLE_OBJC_WEAK = YES;
				CLANG_WARN_BLOCK_CAPTURE_AUTORELEASING = YES;
				CLANG_WARN_BOOL_CONVERSION = YES;
				CLANG_WARN_COMMA = YES;
				CLANG_WARN_CONSTANT_CONVERSION = YES;
				CLANG_WARN_DEPRECATED_OBJC_IMPLEMENTATIONS = YES;
				CLANG_WARN_DIRECT_OBJC_ISA_USAGE = YES_ERROR;
				CLANG_WARN_DOCUMENTATION_COMMENTS = YES;
				CLANG_WARN_EMPTY_BODY = YES;
				CLANG_WARN_ENUM_CONVERSION = YES;
				CLANG_WARN_INFINITE_RECURSION = YES;
				CLANG_WARN_INT_CONVERSION = YES;
				CLANG_WARN_NON_LITERAL_NULL_CONVERSION = YES;
				CLANG_WARN_OBJC_IMPLICIT_RETAIN_SELF = YES;
				CLANG_WARN_OBJC_LITERAL_CONVERSION = YES;
				CLANG_WARN_OBJC_ROOT_CLASS = YES_ERROR;
				CLANG_WARN_RANGE_LOOP_ANALYSIS = YES;
				CLANG_WARN_STRICT_PROTOTYPES = YES;
				CLANG_WARN_SUSPICIOUS_MOVE = YES;
				CLANG_WARN_UNGUARDED_AVAILABILITY = YES_AGGRESSIVE;
				CLANG_WARN_UNREACHABLE_CODE = YES;
				CLANG_WARN__DUPLICATE_METHOD_MATCH = YES;
				CODE_SIGN_IDENTITY = "iPhone Developer";
				COPY_PHASE_STRIP = NO;
				DEBUG_INFORMATION_FORMAT = "dwarf-with-dsym";
				ENABLE_NS_ASSERTIONS = NO;
				ENABLE_STRICT_OBJC_MSGSEND = YES;
				GCC_C_LANGUAGE_STANDARD = gnu11;
				GCC_NO_COMMON_BLOCKS = YES;
				GCC_WARN_64_TO_32_BIT_CONVERSION = YES;
				GCC_WARN_ABOUT_RETURN_TYPE = YES_ERROR;
				GCC_WARN_UNDECLARED_SELECTOR = YES;
				GCC_WARN_UNINITIALIZED_AUTOS = YES_AGGRESSIVE;
				GCC_WARN_UNUSED_FUNCTION = YES;
				GCC_WARN_UNUSED_VARIABLE = YES;
				IPHONEOS_DEPLOYMENT_TARGET = 12.0;
				MTL_ENABLE_DEBUG_INFO = NO;
				MTL_FAST_MATH = YES;
				SDKROOT = iphoneos;
				SWIFT_COMPILATION_MODE = wholemodule;
				SWIFT_OPTIMIZATION_LEVEL = "-O";
				VALIDATE_PRODUCT = YES;
			};
			name = Release;
		};
		A6A4AB4B21DFF78500F55B5E /* Debug */ = {
			isa = XCBuildConfiguration;
			buildSettings = {
				ASSETCATALOG_COMPILER_APPICON_NAME = AppIcon;
				CODE_SIGN_STYLE = Automatic;
				INFOPLIST_FILE = "$(SRCROOT)/MegaCSP/Resources/Info.plist";
				LD_RUNPATH_SEARCH_PATHS = (
					"$(inherited)",
					"@executable_path/Frameworks",
				);
				PRODUCT_BUNDLE_IDENTIFIER = CTEC.MegaCSP;
				PRODUCT_NAME = "$(TARGET_NAME)";
				SWIFT_VERSION = 4.2;
				TARGETED_DEVICE_FAMILY = "1,2";
			};
			name = Debug;
		};
		A6A4AB4C21DFF78500F55B5E /* Release */ = {
			isa = XCBuildConfiguration;
			buildSettings = {
				ASSETCATALOG_COMPILER_APPICON_NAME = AppIcon;
				CODE_SIGN_STYLE = Automatic;
				INFOPLIST_FILE = "$(SRCROOT)/MegaCSP/Resources/Info.plist";
				LD_RUNPATH_SEARCH_PATHS = (
					"$(inherited)",
					"@executable_path/Frameworks",
				);
				PRODUCT_BUNDLE_IDENTIFIER = CTEC.MegaCSP;
				PRODUCT_NAME = "$(TARGET_NAME)";
				SWIFT_VERSION = 4.2;
				TARGETED_DEVICE_FAMILY = "1,2";
			};
			name = Release;
		};
/* End XCBuildConfiguration section */

/* Begin XCConfigurationList section */
		A6A4AB3321DFF77600F55B5E /* Build configuration list for PBXProject "MegaCSP" */ = {
			isa = XCConfigurationList;
			buildConfigurations = (
				A6A4AB4821DFF78500F55B5E /* Debug */,
				A6A4AB4921DFF78500F55B5E /* Release */,
			);
			defaultConfigurationIsVisible = 0;
			defaultConfigurationName = Release;
		};
		A6A4AB4A21DFF78500F55B5E /* Build configuration list for PBXNativeTarget "MegaCSP" */ = {
			isa = XCConfigurationList;
			buildConfigurations = (
				A6A4AB4B21DFF78500F55B5E /* Debug */,
				A6A4AB4C21DFF78500F55B5E /* Release */,
			);
			defaultConfigurationIsVisible = 0;
			defaultConfigurationName = Release;
		};
/* End XCConfigurationList section */
	};
	rootObject = A6A4AB3021DFF77600F55B5E /* Project object */;
}
